{
  "pins" : [
    {
      "identity" : "bettersafariview",
      "kind" : "remoteSourceControl",
      "location" : "https://github.com/stleamist/BetterSafariView",
      "state" : {
        "revision" : "dffd42bc70287e761979bc81dd278db5c80f0deb",
        "version" : "2.4.1"
      }
    },
    {
      "identity" : "imagepickerview",
      "kind" : "remoteSourceControl",
      "location" : "https://github.com/ralfebert/ImagePickerView",
      "state" : {
        "revision" : "b84dd1c85a65cddba40c89699cd63ba0cb248dbd",
        "version" : "0.5.0"
      }
    }
  ],
  "version" : 2
}
